
Microsoft Visual Studio Solution File, Format Version 12.00
# Visual Studio Version 16
VisualStudioVersion = 16.0.31727.386
MinimumVisualStudioVersion = 10.0.40219.1
Project("{8BC9CEB8-8B4A-11D0-8D11-00A0C91BC942}") = "12_", "12_.vcxproj", "{5626676F-B23E-4D0C-858E-6F5FA223543F}"
EndProject
Global
	GlobalSection(SolutionConfigurationPlatforms) = preSolution
		Debug|x64 = Debug|x64
		Debug|x86 = Debug|x86
		Release|x64 = Release|x64
		Release|x86 = Release|x86
	EndGlobalSection
	GlobalSection(ProjectConfigurationPlatforms) = postSolution
		{5626676F-B23E-4D0C-858E-6F5FA223543F}.Debug|x64.ActiveCfg = Debug|x64
		{5626676F-B23E-4D0C-858E-6F5FA223543F}.Debug|x64.Build.0 = Debug|x64
		{5626676F-B23E-4D0C-858E-6F5FA223543F}.Debug|x86.ActiveCfg = Debug|Win32
		{5626676F-B23E-4D0C-858E-6F5FA223543F}.Debug|x86.Build.0 = Debug|Win32
		{5626676F-B23E-4D0C-858E-6F5FA223543F}.Release|x64.ActiveCfg = Release|x64
		{5626676F-B23E-4D0C-858E-6F5FA223543F}.Release|x64.Build.0 = Release|x64
		{5626676F-B23E-4D0C-858E-6F5FA223543F}.Release|x86.ActiveCfg = Release|Win32
		{5626676F-B23E-4D0C-858E-6F5FA223543F}.Release|x86.Build.0 = Release|Win32
	EndGlobalSection
	GlobalSection(SolutionProperties) = preSolution
		HideSolutionNode = FALSE
	EndGlobalSection
	GlobalSection(ExtensibilityGlobals) = postSolution
		SolutionGuid = {91BA907A-AA26-43B4-AAE0-8E288933F02D}
	EndGlobalSection
EndGlobal
